
Microsoft Visual Studio Solution File, Format Version 12.00
# Visual Studio Version 16
VisualStudioVersion = 16.0.32228.343
MinimumVisualStudioVersion = 10.0.40219.1
Project("{FAE04EC0-301F-11D3-BF4B-00C04F79EFBC}") = "07.05.22 Homework", "07.05.22 Homework.csproj", "{77215370-8263-4F38-A094-5C124B27F145}"
EndProject
Global
	GlobalSection(SolutionConfigurationPlatforms) = preSolution
		Debug|Any CPU = Debug|Any CPU
		Release|Any CPU = Release|Any CPU
	EndGlobalSection
	GlobalSection(ProjectConfigurationPlatforms) = postSolution
		{77215370-8263-4F38-A094-5C124B27F145}.Debug|Any CPU.ActiveCfg = Debug|Any CPU
		{77215370-8263-4F38-A094-5C124B27F145}.Debug|Any CPU.Build.0 = Debug|Any CPU
		{77215370-8263-4F38-A094-5C124B27F145}.Release|Any CPU.ActiveCfg = Release|Any CPU
		{77215370-8263-4F38-A094-5C124B27F145}.Release|Any CPU.Build.0 = Release|Any CPU
	EndGlobalSection
	GlobalSection(SolutionProperties) = preSolution
		HideSolutionNode = FALSE
	EndGlobalSection
	GlobalSection(ExtensibilityGlobals) = postSolution
		SolutionGuid = {10C726A3-2CD1-4994-A49D-3D532249A32D}
	EndGlobalSection
EndGlobal
